
Microsoft Visual Studio Solution File, Format Version 12.00
# Visual Studio Version 17
VisualStudioVersion = 17.5.33424.131
MinimumVisualStudioVersion = 10.0.40219.1
Project("{FAE04EC0-301F-11D3-BF4B-00C04F79EFBC}") = "GroopySwoopyAPI", "GroopySwoopyAPI\GroopySwoopyAPI.csproj", "{E5524B1D-7D6A-49C5-A4E9-A9530EA9CC1D}"
EndProject
Global
	GlobalSection(SolutionConfigurationPlatforms) = preSolution
		Debug|Any CPU = Debug|Any CPU
		Release|Any CPU = Release|Any CPU
	EndGlobalSection
	GlobalSection(ProjectConfigurationPlatforms) = postSolution
		{E5524B1D-7D6A-49C5-A4E9-A9530EA9CC1D}.Debug|Any CPU.ActiveCfg = Debug|Any CPU
		{E5524B1D-7D6A-49C5-A4E9-A9530EA9CC1D}.Debug|Any CPU.Build.0 = Debug|Any CPU
		{E5524B1D-7D6A-49C5-A4E9-A9530EA9CC1D}.Release|Any CPU.ActiveCfg = Release|Any CPU
		{E5524B1D-7D6A-49C5-A4E9-A9530EA9CC1D}.Release|Any CPU.Build.0 = Release|Any CPU
	EndGlobalSection
	GlobalSection(SolutionProperties) = preSolution
		HideSolutionNode = FALSE
	EndGlobalSection
	GlobalSection(ExtensibilityGlobals) = postSolution
		SolutionGuid = {A09A795C-2479-455F-8497-3CE7E44B2868}
	EndGlobalSection
EndGlobal
